// !$*UTF8*$!
{
	archiveVersion = 1;
	classes = {
	};
	objectVersion = 46;
	objects = {

/* Begin PBXFileReference section */
		3A02E3321ED0AEAB00E736FF /* 391.perfectRec.py */ = {isa = PBXFileReference; lastKnownFileType = text.script.python; name = 391.perfectRec.py; path = Python/391.perfectRec.py; sourceTree = "<group>"; };
		3A02E3341ED0AF0900E736FF /* 50.Pow.py */ = {isa = PBXFileReference; lastKnownFileType = text.script.python; name = 50.Pow.py; path = Python/50.Pow.py; sourceTree = "<group>"; };
		3A1BBD7A1E5C92B100219A46 /* 39.combinationSum.py */ = {isa = PBXFileReference; lastKnownFileType = text.script.python; name = 39.combinationSum.py; path = Python/39.combinationSum.py; sourceTree = "<group>"; };
/* End PBXFileReference section */

/* Begin PBXGroup section */
		3A1BBD731E5C922F00219A46 = {
			isa = PBXGroup;
			children = (
				3A02E3341ED0AF0900E736FF /* 50.Pow.py */,
				3A02E3321ED0AEAB00E736FF /* 391.perfectRec.py */,
				3A1BBD7A1E5C92B100219A46 /* 39.combinationSum.py */,
			);
			sourceTree = "<group>";
		};
/* End PBXGroup section */

/* Begin PBXProject section */
		3A1BBD741E5C922F00219A46 /* Project object */ = {
			isa = PBXProject;
			attributes = {
				LastUpgradeCheck = 0730;
			};
			buildConfigurationList = 3A1BBD771E5C922F00219A46 /* Build configuration list for PBXProject "LeetCode" */;
			compatibilityVersion = "Xcode 3.2";
			developmentRegion = English;
			hasScannedForEncodings = 0;
			knownRegions = (
				en,
			);
			mainGroup = 3A1BBD731E5C922F00219A46;
			projectDirPath = "";
			projectRoot = "";
			targets = (
			);
		};
/* End PBXProject section */

/* Begin XCBuildConfiguration section */
		3A1BBD781E5C922F00219A46 /* Debug */ = {
			isa = XCBuildConfiguration;
			buildSettings = {
			};
			name = Debug;
		};
		3A1BBD791E5C922F00219A46 /* Release */ = {
			isa = XCBuildConfiguration;
			buildSettings = {
			};
			name = Release;
		};
/* End XCBuildConfiguration section */

/* Begin XCConfigurationList section */
		3A1BBD771E5C922F00219A46 /* Build configuration list for PBXProject "LeetCode" */ = {
			isa = XCConfigurationList;
			buildConfigurations = (
				3A1BBD781E5C922F00219A46 /* Debug */,
				3A1BBD791E5C922F00219A46 /* Release */,
			);
			defaultConfigurationIsVisible = 0;
			defaultConfigurationName = Release;
		};
/* End XCConfigurationList section */
	};
	rootObject = 3A1BBD741E5C922F00219A46 /* Project object */;
}
